
Microsoft Visual Studio Solution File, Format Version 12.00
# Visual Studio Version 17
VisualStudioVersion = 17.8.34309.116
MinimumVisualStudioVersion = 10.0.40219.1
Project("{9A19103F-16F7-4668-BE54-9A1E7A4F7556}") = "DAL", "DAL\DAL.csproj", "{2C6E8032-45C6-45B8-A039-4A065B41031C}"
EndProject
Project("{9A19103F-16F7-4668-BE54-9A1E7A4F7556}") = "BUS", "BUS\BUS.csproj", "{07ED2A00-7684-479A-AC2D-91BED9F0B663}"
EndProject
Project("{FAE04EC0-301F-11D3-BF4B-00C04F79EFBC}") = "UI", "UI\UI.csproj", "{34D28B61-4840-40B3-9AEE-FBE618A19B81}"
EndProject
Global
	GlobalSection(SolutionConfigurationPlatforms) = preSolution
		Debug|Any CPU = Debug|Any CPU
		Release|Any CPU = Release|Any CPU
	EndGlobalSection
	GlobalSection(ProjectConfigurationPlatforms) = postSolution
		{2C6E8032-45C6-45B8-A039-4A065B41031C}.Debug|Any CPU.ActiveCfg = Debug|Any CPU
		{2C6E8032-45C6-45B8-A039-4A065B41031C}.Debug|Any CPU.Build.0 = Debug|Any CPU
		{2C6E8032-45C6-45B8-A039-4A065B41031C}.Release|Any CPU.ActiveCfg = Release|Any CPU
		{2C6E8032-45C6-45B8-A039-4A065B41031C}.Release|Any CPU.Build.0 = Release|Any CPU
		{07ED2A00-7684-479A-AC2D-91BED9F0B663}.Debug|Any CPU.ActiveCfg = Debug|Any CPU
		{07ED2A00-7684-479A-AC2D-91BED9F0B663}.Debug|Any CPU.Build.0 = Debug|Any CPU
		{07ED2A00-7684-479A-AC2D-91BED9F0B663}.Release|Any CPU.ActiveCfg = Release|Any CPU
		{07ED2A00-7684-479A-AC2D-91BED9F0B663}.Release|Any CPU.Build.0 = Release|Any CPU
		{34D28B61-4840-40B3-9AEE-FBE618A19B81}.Debug|Any CPU.ActiveCfg = Debug|Any CPU
		{34D28B61-4840-40B3-9AEE-FBE618A19B81}.Debug|Any CPU.Build.0 = Debug|Any CPU
		{34D28B61-4840-40B3-9AEE-FBE618A19B81}.Release|Any CPU.ActiveCfg = Release|Any CPU
		{34D28B61-4840-40B3-9AEE-FBE618A19B81}.Release|Any CPU.Build.0 = Release|Any CPU
	EndGlobalSection
	GlobalSection(SolutionProperties) = preSolution
		HideSolutionNode = FALSE
	EndGlobalSection
	GlobalSection(ExtensibilityGlobals) = postSolution
		SolutionGuid = {192D2E02-F583-4632-8EB0-F54CAB3A671B}
	EndGlobalSection
EndGlobal
